<?xml version="1.0" encoding="utf-8"?>
<Project ToolsVersion="4.0" xmlns="http://schemas.microsoft.com/developer/msbuild/2003">
  <ItemGroup>
    <Filter Include="源文件">
      <UniqueIdentifier>{4FC737F1-C7A5-4376-A066-2A32D752A2FF}</UniqueIdentifier>
      <Extensions>cpp;c;cc;cxx;def;odl;idl;hpj;bat;asm;asmx</Extensions>
    </Filter>
    <Filter Include="头文件">
      <UniqueIdentifier>{93995380-89BD-4b04-88EB-625FBE52EBFB}</UniqueIdentifier>
      <Extensions>h;hpp;hxx;hm;inl;inc;xsd</Extensions>
    </Filter>
    <Filter Include="资源文件">
      <UniqueIdentifier>{67DA6AB6-F800-4c08-8B7A-83BB121AAD01}</UniqueIdentifier>
      <Extensions>rc;ico;cur;bmp;dlg;rc2;rct;bin;rgs;gif;jpg;jpeg;jpe;resx;tiff;tif;png;wav;mfcribbon-ms</Extensions>
    </Filter>
  </ItemGroup>
  <ItemGroup>
    <Text Include="ReadMe.txt" />
  </ItemGroup>
  <ItemGroup>
    <ClInclude Include="ClientCode.h">
      <Filter>头文件</Filter>
    </ClInclude>
    <ClInclude Include="ClientCodeDlg.h">
      <Filter>头文件</Filter>
    </ClInclude>
    <ClInclude Include="stdafx.h">
      <Filter>头文件</Filter>
    </ClInclude>
    <ClInclude Include="targetver.h">
      <Filter>头文件</Filter>
    </ClInclude>
    <ClInclude Include="Resource.h">
      <Filter>头文件</Filter>
    </ClInclude>
    <ClInclude Include="ConfigDlg.h">
      <Filter>头文件</Filter>
    </ClInclude>
    <ClInclude Include="Login.h">
      <Filter>头文件</Filter>
    </ClInclude>
    <ClInclude Include="OperateDataBase.h">
      <Filter>头文件</Filter>
    </ClInclude>
    <ClInclude Include="tb_AgreementAndCarCardInfo.h">
      <Filter>头文件</Filter>
    </ClInclude>
    <ClInclude Include="tb_AgreementInfo.h">
      <Filter>头文件</Filter>
    </ClInclude>
    <ClInclude Include="tb_CarCheckInfo.h">
      <Filter>头文件</Filter>
    </ClInclude>
    <ClInclude Include="tb_MerchantInfo.h">
      <Filter>头文件</Filter>
    </ClInclude>
    <ClInclude Include="ReadCarCard.h">
      <Filter>头文件</Filter>
    </ClInclude>
    <ClInclude Include="WriteCarCard.h">
      <Filter>头文件</Filter>
    </ClInclude>
    <ClInclude Include="Serial.h">
      <Filter>头文件</Filter>
    </ClInclude>
    <ClInclude Include="CarCardInfo.h">
      <Filter>头文件</Filter>
    </ClInclude>
    <ClInclude Include="ParaSet.h">
      <Filter>头文件</Filter>
    </ClInclude>
    <ClInclude Include="DeviceOperation.h">
      <Filter>头文件</Filter>
    </ClInclude>
    <ClInclude Include="GeneralDef.h">
      <Filter>头文件</Filter>
    </ClInclude>
    <ClInclude Include="HCNetSDK.h">
      <Filter>头文件</Filter>
    </ClInclude>
    <ClInclude Include="plaympeg4.h">
      <Filter>头文件</Filter>
    </ClInclude>
    <ClInclude Include="VideoConfig.h">
      <Filter>头文件</Filter>
    </ClInclude>
    <ClInclude Include="DeviceThreadParameter.h">
      <Filter>头文件</Filter>
    </ClInclude>
    <ClInclude Include="CarCardThreadParameter.h">
      <Filter>头文件</Filter>
    </ClInclude>
    <ClInclude Include="SkinPPWTL.h">
      <Filter>头文件</Filter>
    </ClInclude>
    <ClInclude Include="Log.h">
      <Filter>头文件</Filter>
    </ClInclude>
    <ClInclude Include="MulCubicPlateLib.h">
      <Filter>头文件</Filter>
    </ClInclude>
    <ClInclude Include="tb_NoCarCardInfo.h">
      <Filter>头文件</Filter>
    </ClInclude>
    <ClInclude Include="HRIVLprSdk.h">
      <Filter>头文件</Filter>
    </ClInclude>
  </ItemGroup>
  <ItemGroup>
    <ClCompile Include="ClientCode.cpp">
      <Filter>源文件</Filter>
    </ClCompile>
    <ClCompile Include="ClientCodeDlg.cpp">
      <Filter>源文件</Filter>
    </ClCompile>
    <ClCompile Include="stdafx.cpp">
      <Filter>源文件</Filter>
    </ClCompile>
    <ClCompile Include="ConfigDlg.cpp">
      <Filter>源文件</Filter>
    </ClCompile>
    <ClCompile Include="Login.cpp">
      <Filter>源文件</Filter>
    </ClCompile>
    <ClCompile Include="OperateDataBase.cpp">
      <Filter>源文件</Filter>
    </ClCompile>
    <ClCompile Include="tb_AgreementAndCarCardInfo.cpp">
      <Filter>源文件</Filter>
    </ClCompile>
    <ClCompile Include="tb_AgreementInfo.cpp">
      <Filter>源文件</Filter>
    </ClCompile>
    <ClCompile Include="tb_CarCheckInfo.cpp">
      <Filter>源文件</Filter>
    </ClCompile>
    <ClCompile Include="tb_MerchantInfo.cpp">
      <Filter>源文件</Filter>
    </ClCompile>
    <ClCompile Include="ReadCarCard.cpp">
      <Filter>源文件</Filter>
    </ClCompile>
    <ClCompile Include="WriteCarCard.cpp">
      <Filter>源文件</Filter>
    </ClCompile>
    <ClCompile Include="Serial.cpp">
      <Filter>源文件</Filter>
    </ClCompile>
    <ClCompile Include="CarCardInfo.cpp">
      <Filter>源文件</Filter>
    </ClCompile>
    <ClCompile Include="ParaSet.cpp">
      <Filter>源文件</Filter>
    </ClCompile>
    <ClCompile Include="DeviceOperation.cpp">
      <Filter>源文件</Filter>
    </ClCompile>
    <ClCompile Include="VideoConfig.cpp">
      <Filter>源文件</Filter>
    </ClCompile>
    <ClCompile Include="Log.cpp">
      <Filter>源文件</Filter>
    </ClCompile>
    <ClCompile Include="tb_NoCarCardInfo.cpp">
      <Filter>源文件</Filter>
    </ClCompile>
  </ItemGroup>
  <ItemGroup>
    <ResourceCompile Include="ClientCode.rc">
      <Filter>资源文件</Filter>
    </ResourceCompile>
  </ItemGroup>
  <ItemGroup>
    <None Include="res\ClientCode.rc2">
      <Filter>资源文件</Filter>
    </None>
  </ItemGroup>
  <ItemGroup>
    <Image Include="res\ClientCode.ico">
      <Filter>资源文件</Filter>
    </Image>
    <Image Include="res\icon1.ico">
      <Filter>资源文件</Filter>
    </Image>
    <Image Include="res\logo64.ico">
      <Filter>资源文件</Filter>
    </Image>
  </ItemGroup>
</Project>